
Microsoft Visual Studio Solution File, Format Version 12.00
# Visual Studio Version 16
VisualStudioVersion = 16.0.31321.278
MinimumVisualStudioVersion = 10.0.40219.1
Project("{FAE04EC0-301F-11D3-BF4B-00C04F79EFBC}") = "PreparationMobile.Android", "PreparationMobile\PreparationMobile.Android\PreparationMobile.Android.csproj", "{4916B14E-FA40-42D0-A17C-B29AD7F10965}"
EndProject
Project("{FAE04EC0-301F-11D3-BF4B-00C04F79EFBC}") = "PreparationMobile", "PreparationMobile\PreparationMobile\PreparationMobile.csproj", "{2E4521BA-CCF6-4E7B-BDB8-DDEBA0955A8C}"
EndProject
Global
	GlobalSection(SolutionConfigurationPlatforms) = preSolution
		Debug|Any CPU = Debug|Any CPU
		Release|Any CPU = Release|Any CPU
	EndGlobalSection
	GlobalSection(ProjectConfigurationPlatforms) = postSolution
		{4916B14E-FA40-42D0-A17C-B29AD7F10965}.Debug|Any CPU.ActiveCfg = Debug|Any CPU
		{4916B14E-FA40-42D0-A17C-B29AD7F10965}.Debug|Any CPU.Build.0 = Debug|Any CPU
		{4916B14E-FA40-42D0-A17C-B29AD7F10965}.Debug|Any CPU.Deploy.0 = Debug|Any CPU
		{4916B14E-FA40-42D0-A17C-B29AD7F10965}.Release|Any CPU.ActiveCfg = Release|Any CPU
		{4916B14E-FA40-42D0-A17C-B29AD7F10965}.Release|Any CPU.Build.0 = Release|Any CPU
		{4916B14E-FA40-42D0-A17C-B29AD7F10965}.Release|Any CPU.Deploy.0 = Release|Any CPU
		{2E4521BA-CCF6-4E7B-BDB8-DDEBA0955A8C}.Debug|Any CPU.ActiveCfg = Debug|Any CPU
		{2E4521BA-CCF6-4E7B-BDB8-DDEBA0955A8C}.Debug|Any CPU.Build.0 = Debug|Any CPU
		{2E4521BA-CCF6-4E7B-BDB8-DDEBA0955A8C}.Debug|Any CPU.Deploy.0 = Debug|Any CPU
		{2E4521BA-CCF6-4E7B-BDB8-DDEBA0955A8C}.Release|Any CPU.ActiveCfg = Release|Any CPU
		{2E4521BA-CCF6-4E7B-BDB8-DDEBA0955A8C}.Release|Any CPU.Build.0 = Release|Any CPU
		{2E4521BA-CCF6-4E7B-BDB8-DDEBA0955A8C}.Release|Any CPU.Deploy.0 = Release|Any CPU
	EndGlobalSection
	GlobalSection(SolutionProperties) = preSolution
		HideSolutionNode = FALSE
	EndGlobalSection
	GlobalSection(ExtensibilityGlobals) = postSolution
		SolutionGuid = {EBB06A2B-1CF8-49CF-A024-C35F35FEA43F}
	EndGlobalSection
EndGlobal
